
Microsoft Visual Studio Solution File, Format Version 12.00
# Visual Studio Version 17
VisualStudioVersion = 17.9.34616.47
MinimumVisualStudioVersion = 10.0.40219.1
Project("{FAE04EC0-301F-11D3-BF4B-00C04F79EFBC}") = "Assignment1", "Assignment1\Assignment1.csproj", "{1423ED91-B18A-4E13-AE2B-7DF72AEB955E}"
EndProject
Project("{FAE04EC0-301F-11D3-BF4B-00C04F79EFBC}") = "Program_calculator_WindowsFormsApp1", "Program_calculator_WindowsFormsApp1\Program_calculator_WindowsFormsApp1.csproj", "{903D1ABA-D168-481A-A954-982712010EF4}"
EndProject
Global
	GlobalSection(SolutionConfigurationPlatforms) = preSolution
		Debug|Any CPU = Debug|Any CPU
		Release|Any CPU = Release|Any CPU
	EndGlobalSection
	GlobalSection(ProjectConfigurationPlatforms) = postSolution
		{1423ED91-B18A-4E13-AE2B-7DF72AEB955E}.Debug|Any CPU.ActiveCfg = Debug|Any CPU
		{1423ED91-B18A-4E13-AE2B-7DF72AEB955E}.Debug|Any CPU.Build.0 = Debug|Any CPU
		{1423ED91-B18A-4E13-AE2B-7DF72AEB955E}.Release|Any CPU.ActiveCfg = Release|Any CPU
		{1423ED91-B18A-4E13-AE2B-7DF72AEB955E}.Release|Any CPU.Build.0 = Release|Any CPU
		{903D1ABA-D168-481A-A954-982712010EF4}.Debug|Any CPU.ActiveCfg = Debug|Any CPU
		{903D1ABA-D168-481A-A954-982712010EF4}.Debug|Any CPU.Build.0 = Debug|Any CPU
		{903D1ABA-D168-481A-A954-982712010EF4}.Release|Any CPU.ActiveCfg = Release|Any CPU
		{903D1ABA-D168-481A-A954-982712010EF4}.Release|Any CPU.Build.0 = Release|Any CPU
	EndGlobalSection
	GlobalSection(SolutionProperties) = preSolution
		HideSolutionNode = FALSE
	EndGlobalSection
	GlobalSection(ExtensibilityGlobals) = postSolution
		SolutionGuid = {73FCA2B6-C10D-4B02-AA24-99CEF27288B6}
	EndGlobalSection
EndGlobal
